
Microsoft Visual Studio Solution File, Format Version 12.00
# Visual Studio Version 17
VisualStudioVersion = 17.5.33414.496
MinimumVisualStudioVersion = 10.0.40219.1
Project("{9A19103F-16F7-4668-BE54-9A1E7A4F7556}") = "MVP-Project", "MVP-Project\MVP-Project.csproj", "{C14B3D2D-8D1B-48E7-A5D3-AB72C781B0D8}"
EndProject
Project("{FAE04EC0-301F-11D3-BF4B-00C04F79EFBC}") = "Data", "Data\Data.csproj", "{9D2F71A2-4C8B-432B-A0BE-24C3838CA1BB}"
EndProject
Project("{FAE04EC0-301F-11D3-BF4B-00C04F79EFBC}") = "Presentation", "Presentation\Presentation.csproj", "{C63CFD53-9CC3-4406-A076-1E3AE2C0D028}"
EndProject
Project("{FAE04EC0-301F-11D3-BF4B-00C04F79EFBC}") = "Domain", "Domain\Domain.csproj", "{956C7A05-9583-45E5-A0CC-06F3FE48B56D}"
EndProject
Global
	GlobalSection(SolutionConfigurationPlatforms) = preSolution
		Debug|Any CPU = Debug|Any CPU
		Release|Any CPU = Release|Any CPU
	EndGlobalSection
	GlobalSection(ProjectConfigurationPlatforms) = postSolution
		{C14B3D2D-8D1B-48E7-A5D3-AB72C781B0D8}.Debug|Any CPU.ActiveCfg = Debug|Any CPU
		{C14B3D2D-8D1B-48E7-A5D3-AB72C781B0D8}.Debug|Any CPU.Build.0 = Debug|Any CPU
		{C14B3D2D-8D1B-48E7-A5D3-AB72C781B0D8}.Release|Any CPU.ActiveCfg = Release|Any CPU
		{C14B3D2D-8D1B-48E7-A5D3-AB72C781B0D8}.Release|Any CPU.Build.0 = Release|Any CPU
		{9D2F71A2-4C8B-432B-A0BE-24C3838CA1BB}.Debug|Any CPU.ActiveCfg = Debug|Any CPU
		{9D2F71A2-4C8B-432B-A0BE-24C3838CA1BB}.Debug|Any CPU.Build.0 = Debug|Any CPU
		{9D2F71A2-4C8B-432B-A0BE-24C3838CA1BB}.Release|Any CPU.ActiveCfg = Release|Any CPU
		{9D2F71A2-4C8B-432B-A0BE-24C3838CA1BB}.Release|Any CPU.Build.0 = Release|Any CPU
		{C63CFD53-9CC3-4406-A076-1E3AE2C0D028}.Debug|Any CPU.ActiveCfg = Debug|Any CPU
		{C63CFD53-9CC3-4406-A076-1E3AE2C0D028}.Debug|Any CPU.Build.0 = Debug|Any CPU
		{C63CFD53-9CC3-4406-A076-1E3AE2C0D028}.Release|Any CPU.ActiveCfg = Release|Any CPU
		{C63CFD53-9CC3-4406-A076-1E3AE2C0D028}.Release|Any CPU.Build.0 = Release|Any CPU
		{956C7A05-9583-45E5-A0CC-06F3FE48B56D}.Debug|Any CPU.ActiveCfg = Debug|Any CPU
		{956C7A05-9583-45E5-A0CC-06F3FE48B56D}.Debug|Any CPU.Build.0 = Debug|Any CPU
		{956C7A05-9583-45E5-A0CC-06F3FE48B56D}.Release|Any CPU.ActiveCfg = Release|Any CPU
		{956C7A05-9583-45E5-A0CC-06F3FE48B56D}.Release|Any CPU.Build.0 = Release|Any CPU
	EndGlobalSection
	GlobalSection(SolutionProperties) = preSolution
		HideSolutionNode = FALSE
	EndGlobalSection
	GlobalSection(ExtensibilityGlobals) = postSolution
		SolutionGuid = {371D1927-16C8-4CD5-89D0-603E460E44EF}
	EndGlobalSection
EndGlobal
